PODS:
  - Alamofire (5.4.1)
  - SnapKit (5.0.1)

DEPENDENCIES:
  - Alamofire (~> 5.4.1)
  - SnapKit (~> 5.0.1)

SPEC REPOS:
  trunk:
    - Alamofire
    - SnapKit

SPEC CHECKSUMS:
  Alamofire: 2291f7d21ca607c491dd17642e5d40fdcda0e65c
  SnapKit: 97b92857e3df3a0c71833cce143274bf6ef8e5eb

PODFILE CHECKSUM: 9fdf20ab1db2a467784ced08329cc17e7fffd05d

COCOAPODS: 1.10.1
