// !$*UTF8*$!
{
	archiveVersion = 1;
	classes = {
	};
	objectVersion = 51;
	objects = {

/* Begin PBXBuildFile section */
		E8BA96083B64A362F17AAFEA /* Pods_DoroDoro.framework in Frameworks */ = {isa = PBXBuildFile; fileRef = E86CEB0C5A70206FB9CE710D /* Pods_DoroDoro.framework */; };
		F3309FF825EA8C5D0024DF7F /* Keys.swift in Sources */ = {isa = PBXBuildFile; fileRef = F3309FF725EA8C5D0024DF7F /* Keys.swift */; };
		F333B97B25EB7F0200F1915F /* SearchViewModel.swift in Sources */ = {isa = PBXBuildFile; fileRef = F333B97A25EB7F0200F1915F /* SearchViewModel.swift */; };
		F333B98D25EB890C00F1915F /* SearchResultItem.swift in Sources */ = {isa = PBXBuildFile; fileRef = F333B98C25EB890C00F1915F /* SearchResultItem.swift */; };
		F333B9A725EB8FB600F1915F /* SearchHeaderItem.swift in Sources */ = {isa = PBXBuildFile; fileRef = F333B9A625EB8FB600F1915F /* SearchHeaderItem.swift */; };
		F3444C9C25E8B1BB00A0706F /* Localizable.swift in Sources */ = {isa = PBXBuildFile; fileRef = F3444C9B25E8B1BB00A0706F /* Localizable.swift */; };
		F3444CA925E8B82300A0706F /* DoroDoroUITests.swift in Sources */ = {isa = PBXBuildFile; fileRef = F3444CA825E8B82300A0706F /* DoroDoroUITests.swift */; };
		F3444DCD25E8C4B300A0706F /* DoroDoroAPIErrorTests.swift in Sources */ = {isa = PBXBuildFile; fileRef = F3444DCC25E8C4B300A0706F /* DoroDoroAPIErrorTests.swift */; };
		F378B6B125E7D69300FCE546 /* Localizable.strings in Resources */ = {isa = PBXBuildFile; fileRef = F378B6B325E7D69300FCE546 /* Localizable.strings */; };
		F378B6BE25E7D71C00FCE546 /* DoroDoroAPITests.swift in Sources */ = {isa = PBXBuildFile; fileRef = F378B6BD25E7D71C00FCE546 /* DoroDoroAPITests.swift */; };
		F378B6CF25E7D77100FCE546 /* Interface.storyboard in Resources */ = {isa = PBXBuildFile; fileRef = F378B6CD25E7D77100FCE546 /* Interface.storyboard */; };
		F378B6D125E7D77200FCE546 /* Assets.xcassets in Resources */ = {isa = PBXBuildFile; fileRef = F378B6D025E7D77200FCE546 /* Assets.xcassets */; };
		F378B6D825E7D77200FCE546 /* DoroDoroWatch Extension.appex in Embed App Extensions */ = {isa = PBXBuildFile; fileRef = F378B6D725E7D77200FCE546 /* DoroDoroWatch Extension.appex */; settings = {ATTRIBUTES = (RemoveHeadersOnCopy, ); }; };
		F378B6DD25E7D77200FCE546 /* InterfaceController.swift in Sources */ = {isa = PBXBuildFile; fileRef = F378B6DC25E7D77200FCE546 /* InterfaceController.swift */; };
		F378B6DF25E7D77200FCE546 /* ExtensionDelegate.swift in Sources */ = {isa = PBXBuildFile; fileRef = F378B6DE25E7D77200FCE546 /* ExtensionDelegate.swift */; };
		F378B6E125E7D77200FCE546 /* ComplicationController.swift in Sources */ = {isa = PBXBuildFile; fileRef = F378B6E025E7D77200FCE546 /* ComplicationController.swift */; };
		F378B6E325E7D77300FCE546 /* Assets.xcassets in Resources */ = {isa = PBXBuildFile; fileRef = F378B6E225E7D77300FCE546 /* Assets.xcassets */; };
		F378B6E725E7D77300FCE546 /* DoroDoroWatch.app in Embed Watch Content */ = {isa = PBXBuildFile; fileRef = F378B6CB25E7D77100FCE546 /* DoroDoroWatch.app */; settings = {ATTRIBUTES = (RemoveHeadersOnCopy, ); }; };
		F378B6FB25E7D83F00FCE546 /* SearchViewController.swift in Sources */ = {isa = PBXBuildFile; fileRef = F378B6FA25E7D83F00FCE546 /* SearchViewController.swift */; };
		F378B70225E7D88A00FCE546 /* MainTabBarController.swift in Sources */ = {isa = PBXBuildFile; fileRef = F378B70125E7D88A00FCE546 /* MainTabBarController.swift */; };
		F378B70925E7D8C600FCE546 /* BookmarkViewController.swift in Sources */ = {isa = PBXBuildFile; fileRef = F378B70825E7D8C600FCE546 /* BookmarkViewController.swift */; };
		F378B71425E7DAFF00FCE546 /* InfoPlist.strings in Resources */ = {isa = PBXBuildFile; fileRef = F378B71625E7DAFF00FCE546 /* InfoPlist.strings */; };
		F378B72925E7E26900FCE546 /* APIService.swift in Sources */ = {isa = PBXBuildFile; fileRef = F378B72825E7E26900FCE546 /* APIService.swift */; };
		F378B74525E7EED900FCE546 /* WidgetKit.framework in Frameworks */ = {isa = PBXBuildFile; fileRef = F378B74425E7EED900FCE546 /* WidgetKit.framework */; };
		F378B74725E7EED900FCE546 /* SwiftUI.framework in Frameworks */ = {isa = PBXBuildFile; fileRef = F378B74625E7EED900FCE546 /* SwiftUI.framework */; };
		F378B74A25E7EED900FCE546 /* DoroDoroWidget.swift in Sources */ = {isa = PBXBuildFile; fileRef = F378B74925E7EED900FCE546 /* DoroDoroWidget.swift */; };
		F378B74D25E7EEDB00FCE546 /* Assets.xcassets in Resources */ = {isa = PBXBuildFile; fileRef = F378B74C25E7EEDB00FCE546 /* Assets.xcassets */; };
		F378B74F25E7EEDB00FCE546 /* DoroDoroWidget.intentdefinition in Sources */ = {isa = PBXBuildFile; fileRef = F378B74B25E7EED900FCE546 /* DoroDoroWidget.intentdefinition */; };
		F378B75025E7EEDB00FCE546 /* DoroDoroWidget.intentdefinition in Sources */ = {isa = PBXBuildFile; fileRef = F378B74B25E7EED900FCE546 /* DoroDoroWidget.intentdefinition */; };
		F378B75325E7EEDB00FCE546 /* DoroDoroWidgetExtension.appex in Embed App Extensions */ = {isa = PBXBuildFile; fileRef = F378B74325E7EED900FCE546 /* DoroDoroWidgetExtension.appex */; settings = {ATTRIBUTES = (RemoveHeadersOnCopy, ); }; };
		F378B76F25E7F0B700FCE546 /* SettingsViewController.swift in Sources */ = {isa = PBXBuildFile; fileRef = F378B76E25E7F0B700FCE546 /* SettingsViewController.swift */; };
		F378B77625E7F17A00FCE546 /* AddrLinkCommonData.swift in Sources */ = {isa = PBXBuildFile; fileRef = F378B77525E7F17A00FCE546 /* AddrLinkCommonData.swift */; };
		F378B77D25E7F18900FCE546 /* AddrLinkJusoData.swift in Sources */ = {isa = PBXBuildFile; fileRef = F378B77C25E7F18900FCE546 /* AddrLinkJusoData.swift */; };
		F378B78425E7F45600FCE546 /* AddrLinkApiError.swift in Sources */ = {isa = PBXBuildFile; fileRef = F378B78325E7F45600FCE546 /* AddrLinkApiError.swift */; };
		F378B79025E7FAE500FCE546 /* AddrLinkResultsData.swift in Sources */ = {isa = PBXBuildFile; fileRef = F378B78F25E7FAE500FCE546 /* AddrLinkResultsData.swift */; };
		F3AAE29925E7D06700D666BD /* AppDelegate.swift in Sources */ = {isa = PBXBuildFile; fileRef = F3AAE29825E7D06700D666BD /* AppDelegate.swift */; };
		F3AAE29B25E7D06700D666BD /* SceneDelegate.swift in Sources */ = {isa = PBXBuildFile; fileRef = F3AAE29A25E7D06700D666BD /* SceneDelegate.swift */; };
		F3AAE2A225E7D06800D666BD /* Assets.xcassets in Resources */ = {isa = PBXBuildFile; fileRef = F3AAE2A125E7D06800D666BD /* Assets.xcassets */; };
		F3AAE2A525E7D06800D666BD /* LaunchScreen.storyboard in Resources */ = {isa = PBXBuildFile; fileRef = F3AAE2A325E7D06800D666BD /* LaunchScreen.storyboard */; };
		F3F4FAF025E8080D0077FCB5 /* AddrEngCommonData.swift in Sources */ = {isa = PBXBuildFile; fileRef = F3F4FAEF25E8080D0077FCB5 /* AddrEngCommonData.swift */; };
		F3F4FAF725E8082F0077FCB5 /* AddrEngJusoData.swift in Sources */ = {isa = PBXBuildFile; fileRef = F3F4FAF625E8082F0077FCB5 /* AddrEngJusoData.swift */; };
		F3F4FAFE25E809CD0077FCB5 /* AddrEngResultsData.swift in Sources */ = {isa = PBXBuildFile; fileRef = F3F4FAFD25E809CD0077FCB5 /* AddrEngResultsData.swift */; };
		F3F4FB0A25E80A040077FCB5 /* AddrEngApiError.swift in Sources */ = {isa = PBXBuildFile; fileRef = F3F4FB0925E80A040077FCB5 /* AddrEngApiError.swift */; };
/* End PBXBuildFile section */

/* Begin PBXContainerItemProxy section */
		F3444CAB25E8B82300A0706F /* PBXContainerItemProxy */ = {
			isa = PBXContainerItemProxy;
			containerPortal = F3AAE28D25E7D06700D666BD /* Project object */;
			proxyType = 1;
			remoteGlobalIDString = F3AAE29425E7D06700D666BD;
			remoteInfo = DoroDoro;
		};
		F378B6C025E7D71C00FCE546 /* PBXContainerItemProxy */ = {
			isa = PBXContainerItemProxy;
			containerPortal = F3AAE28D25E7D06700D666BD /* Project object */;
			proxyType = 1;
			remoteGlobalIDString = F3AAE29425E7D06700D666BD;
			remoteInfo = DoroDoro;
		};
		F378B6D925E7D77200FCE546 /* PBXContainerItemProxy */ = {
			isa = PBXContainerItemProxy;
			containerPortal = F3AAE28D25E7D06700D666BD /* Project object */;
			proxyType = 1;
			remoteGlobalIDString = F378B6D625E7D77200FCE546;
			remoteInfo = "DoroDoroWatch Extension";
		};
		F378B6E525E7D77300FCE546 /* PBXContainerItemProxy */ = {
			isa = PBXContainerItemProxy;
			containerPortal = F3AAE28D25E7D06700D666BD /* Project object */;
			proxyType = 1;
			remoteGlobalIDString = F378B6CA25E7D77100FCE546;
			remoteInfo = DoroDoroWatch;
		};
		F378B75125E7EEDB00FCE546 /* PBXContainerItemProxy */ = {
			isa = PBXContainerItemProxy;
			containerPortal = F3AAE28D25E7D06700D666BD /* Project object */;
			proxyType = 1;
			remoteGlobalIDString = F378B74225E7EED900FCE546;
			remoteInfo = DoroDoroWidgetExtension;
		};
/* End PBXContainerItemProxy section */

/* Begin PBXCopyFilesBuildPhase section */
		F378B6EB25E7D77300FCE546 /* Embed App Extensions */ = {
			isa = PBXCopyFilesBuildPhase;
			buildActionMask = 2147483647;
			dstPath = "";
			dstSubfolderSpec = 13;
			files = (
				F378B6D825E7D77200FCE546 /* DoroDoroWatch Extension.appex in Embed App Extensions */,
			);
			name = "Embed App Extensions";
			runOnlyForDeploymentPostprocessing = 0;
		};
		F378B6EF25E7D77300FCE546 /* Embed Watch Content */ = {
			isa = PBXCopyFilesBuildPhase;
			buildActionMask = 2147483647;
			dstPath = "$(CONTENTS_FOLDER_PATH)/Watch";
			dstSubfolderSpec = 16;
			files = (
				F378B6E725E7D77300FCE546 /* DoroDoroWatch.app in Embed Watch Content */,
			);
			name = "Embed Watch Content";
			runOnlyForDeploymentPostprocessing = 0;
		};
		F378B75825E7EEDB00FCE546 /* Embed App Extensions */ = {
			isa = PBXCopyFilesBuildPhase;
			buildActionMask = 2147483647;
			dstPath = "";
			dstSubfolderSpec = 13;
			files = (
				F378B75325E7EEDB00FCE546 /* DoroDoroWidgetExtension.appex in Embed App Extensions */,
			);
			name = "Embed App Extensions";
			runOnlyForDeploymentPostprocessing = 0;
		};
/* End PBXCopyFilesBuildPhase section */

/* Begin PBXFileReference section */
		6D85A13F60C3E781DFBC61E7 /* Pods-DoroDoro.release.xcconfig */ = {isa = PBXFileReference; includeInIndex = 1; lastKnownFileType = text.xcconfig; name = "Pods-DoroDoro.release.xcconfig"; path = "Target Support Files/Pods-DoroDoro/Pods-DoroDoro.release.xcconfig"; sourceTree = "<group>"; };
		86D49FB34CCC715324E29809 /* Pods-DoroDoro.debug.xcconfig */ = {isa = PBXFileReference; includeInIndex = 1; lastKnownFileType = text.xcconfig; name = "Pods-DoroDoro.debug.xcconfig"; path = "Target Support Files/Pods-DoroDoro/Pods-DoroDoro.debug.xcconfig"; sourceTree = "<group>"; };
		E86CEB0C5A70206FB9CE710D /* Pods_DoroDoro.framework */ = {isa = PBXFileReference; explicitFileType = wrapper.framework; includeInIndex = 0; path = Pods_DoroDoro.framework; sourceTree = BUILT_PRODUCTS_DIR; };
		F3309FF725EA8C5D0024DF7F /* Keys.swift */ = {isa = PBXFileReference; lastKnownFileType = sourcecode.swift; path = Keys.swift; sourceTree = "<group>"; };
		F333B97A25EB7F0200F1915F /* SearchViewModel.swift */ = {isa = PBXFileReference; lastKnownFileType = sourcecode.swift; path = SearchViewModel.swift; sourceTree = "<group>"; };
		F333B98C25EB890C00F1915F /* SearchResultItem.swift */ = {isa = PBXFileReference; lastKnownFileType = sourcecode.swift; path = SearchResultItem.swift; sourceTree = "<group>"; };
		F333B9A625EB8FB600F1915F /* SearchHeaderItem.swift */ = {isa = PBXFileReference; lastKnownFileType = sourcecode.swift; path = SearchHeaderItem.swift; sourceTree = "<group>"; };
		F3444C9B25E8B1BB00A0706F /* Localizable.swift */ = {isa = PBXFileReference; lastKnownFileType = sourcecode.swift; path = Localizable.swift; sourceTree = "<group>"; };
		F3444CA625E8B82300A0706F /* DoroDoroUITests.xctest */ = {isa = PBXFileReference; explicitFileType = wrapper.cfbundle; includeInIndex = 0; path = DoroDoroUITests.xctest; sourceTree = BUILT_PRODUCTS_DIR; };
		F3444CA825E8B82300A0706F /* DoroDoroUITests.swift */ = {isa = PBXFileReference; lastKnownFileType = sourcecode.swift; path = DoroDoroUITests.swift; sourceTree = "<group>"; };
		F3444CAA25E8B82300A0706F /* Info.plist */ = {isa = PBXFileReference; lastKnownFileType = text.plist.xml; path = Info.plist; sourceTree = "<group>"; };
		F3444DCC25E8C4B300A0706F /* DoroDoroAPIErrorTests.swift */ = {isa = PBXFileReference; lastKnownFileType = sourcecode.swift; path = DoroDoroAPIErrorTests.swift; sourceTree = "<group>"; };
		F378B6A225E7D13E00FCE546 /* DoroDoro.entitlements */ = {isa = PBXFileReference; lastKnownFileType = text.plist.entitlements; path = DoroDoro.entitlements; sourceTree = "<group>"; };
		F378B6AA25E7D5ED00FCE546 /* ko */ = {isa = PBXFileReference; lastKnownFileType = text.plist.strings; name = ko; path = ko.lproj/LaunchScreen.strings; sourceTree = "<group>"; };
		F378B6AD25E7D64F00FCE546 /* en */ = {isa = PBXFileReference; lastKnownFileType = text.plist.strings; name = en; path = en.lproj/LaunchScreen.strings; sourceTree = "<group>"; };
		F378B6B225E7D69300FCE546 /* en */ = {isa = PBXFileReference; lastKnownFileType = text.plist.strings; name = en; path = en.lproj/Localizable.strings; sourceTree = "<group>"; };
		F378B6B425E7D69600FCE546 /* ko */ = {isa = PBXFileReference; lastKnownFileType = text.plist.strings; name = ko; path = ko.lproj/Localizable.strings; sourceTree = "<group>"; };
		F378B6BB25E7D71C00FCE546 /* DoroDoroTests.xctest */ = {isa = PBXFileReference; explicitFileType = wrapper.cfbundle; includeInIndex = 0; path = DoroDoroTests.xctest; sourceTree = BUILT_PRODUCTS_DIR; };
		F378B6BD25E7D71C00FCE546 /* DoroDoroAPITests.swift */ = {isa = PBXFileReference; lastKnownFileType = sourcecode.swift; path = DoroDoroAPITests.swift; sourceTree = "<group>"; };
		F378B6BF25E7D71C00FCE546 /* Info.plist */ = {isa = PBXFileReference; lastKnownFileType = text.plist.xml; path = Info.plist; sourceTree = "<group>"; };
		F378B6CB25E7D77100FCE546 /* DoroDoroWatch.app */ = {isa = PBXFileReference; explicitFileType = wrapper.application; includeInIndex = 0; path = DoroDoroWatch.app; sourceTree = BUILT_PRODUCTS_DIR; };
		F378B6CE25E7D77100FCE546 /* Base */ = {isa = PBXFileReference; lastKnownFileType = file.storyboard; name = Base; path = Base.lproj/Interface.storyboard; sourceTree = "<group>"; };
		F378B6D025E7D77200FCE546 /* Assets.xcassets */ = {isa = PBXFileReference; lastKnownFileType = folder.assetcatalog; path = Assets.xcassets; sourceTree = "<group>"; };
		F378B6D225E7D77200FCE546 /* Info.plist */ = {isa = PBXFileReference; lastKnownFileType = text.plist.xml; path = Info.plist; sourceTree = "<group>"; };
		F378B6D725E7D77200FCE546 /* DoroDoroWatch Extension.appex */ = {isa = PBXFileReference; explicitFileType = "wrapper.app-extension"; includeInIndex = 0; path = "DoroDoroWatch Extension.appex"; sourceTree = BUILT_PRODUCTS_DIR; };
		F378B6DC25E7D77200FCE546 /* InterfaceController.swift */ = {isa = PBXFileReference; lastKnownFileType = sourcecode.swift; path = InterfaceController.swift; sourceTree = "<group>"; };
		F378B6DE25E7D77200FCE546 /* ExtensionDelegate.swift */ = {isa = PBXFileReference; lastKnownFileType = sourcecode.swift; path = ExtensionDelegate.swift; sourceTree = "<group>"; };
		F378B6E025E7D77200FCE546 /* ComplicationController.swift */ = {isa = PBXFileReference; lastKnownFileType = sourcecode.swift; path = ComplicationController.swift; sourceTree = "<group>"; };
		F378B6E225E7D77300FCE546 /* Assets.xcassets */ = {isa = PBXFileReference; lastKnownFileType = folder.assetcatalog; path = Assets.xcassets; sourceTree = "<group>"; };
		F378B6E425E7D77300FCE546 /* Info.plist */ = {isa = PBXFileReference; lastKnownFileType = text.plist.xml; path = Info.plist; sourceTree = "<group>"; };
		F378B6FA25E7D83F00FCE546 /* SearchViewController.swift */ = {isa = PBXFileReference; lastKnownFileType = sourcecode.swift; path = SearchViewController.swift; sourceTree = "<group>"; };
		F378B70125E7D88A00FCE546 /* MainTabBarController.swift */ = {isa = PBXFileReference; lastKnownFileType = sourcecode.swift; path = MainTabBarController.swift; sourceTree = "<group>"; };
		F378B70825E7D8C600FCE546 /* BookmarkViewController.swift */ = {isa = PBXFileReference; lastKnownFileType = sourcecode.swift; path = BookmarkViewController.swift; sourceTree = "<group>"; };
		F378B71525E7DAFF00FCE546 /* en */ = {isa = PBXFileReference; lastKnownFileType = text.plist.strings; name = en; path = en.lproj/InfoPlist.strings; sourceTree = "<group>"; };
		F378B71B25E7DB0200FCE546 /* ko */ = {isa = PBXFileReference; lastKnownFileType = text.plist.strings; name = ko; path = ko.lproj/InfoPlist.strings; sourceTree = "<group>"; };
		F378B72825E7E26900FCE546 /* APIService.swift */ = {isa = PBXFileReference; lastKnownFileType = sourcecode.swift; path = APIService.swift; sourceTree = "<group>"; };
		F378B74325E7EED900FCE546 /* DoroDoroWidgetExtension.appex */ = {isa = PBXFileReference; explicitFileType = "wrapper.app-extension"; includeInIndex = 0; path = DoroDoroWidgetExtension.appex; sourceTree = BUILT_PRODUCTS_DIR; };
		F378B74425E7EED900FCE546 /* WidgetKit.framework */ = {isa = PBXFileReference; lastKnownFileType = wrapper.framework; name = WidgetKit.framework; path = System/Library/Frameworks/WidgetKit.framework; sourceTree = SDKROOT; };
		F378B74625E7EED900FCE546 /* SwiftUI.framework */ = {isa = PBXFileReference; lastKnownFileType = wrapper.framework; name = SwiftUI.framework; path = System/Library/Frameworks/SwiftUI.framework; sourceTree = SDKROOT; };
		F378B74925E7EED900FCE546 /* DoroDoroWidget.swift */ = {isa = PBXFileReference; lastKnownFileType = sourcecode.swift; path = DoroDoroWidget.swift; sourceTree = "<group>"; };
		F378B74B25E7EED900FCE546 /* DoroDoroWidget.intentdefinition */ = {isa = PBXFileReference; lastKnownFileType = file.intentdefinition; path = DoroDoroWidget.intentdefinition; sourceTree = "<group>"; };
		F378B74C25E7EEDB00FCE546 /* Assets.xcassets */ = {isa = PBXFileReference; lastKnownFileType = folder.assetcatalog; path = Assets.xcassets; sourceTree = "<group>"; };
		F378B74E25E7EEDB00FCE546 /* Info.plist */ = {isa = PBXFileReference; lastKnownFileType = text.plist.xml; path = Info.plist; sourceTree = "<group>"; };
		F378B75425E7EEDB00FCE546 /* DoroDoroWidgetExtension.entitlements */ = {isa = PBXFileReference; lastKnownFileType = text.plist.entitlements; path = DoroDoroWidgetExtension.entitlements; sourceTree = "<group>"; };
		F378B76E25E7F0B700FCE546 /* SettingsViewController.swift */ = {isa = PBXFileReference; lastKnownFileType = sourcecode.swift; path = SettingsViewController.swift; sourceTree = "<group>"; };
		F378B77525E7F17A00FCE546 /* AddrLinkCommonData.swift */ = {isa = PBXFileReference; lastKnownFileType = sourcecode.swift; path = AddrLinkCommonData.swift; sourceTree = "<group>"; };
		F378B77C25E7F18900FCE546 /* AddrLinkJusoData.swift */ = {isa = PBXFileReference; lastKnownFileType = sourcecode.swift; path = AddrLinkJusoData.swift; sourceTree = "<group>"; };
		F378B78325E7F45600FCE546 /* AddrLinkApiError.swift */ = {isa = PBXFileReference; lastKnownFileType = sourcecode.swift; path = AddrLinkApiError.swift; sourceTree = "<group>"; };
		F378B78F25E7FAE500FCE546 /* AddrLinkResultsData.swift */ = {isa = PBXFileReference; lastKnownFileType = sourcecode.swift; path = AddrLinkResultsData.swift; sourceTree = "<group>"; };
		F3AAE29525E7D06700D666BD /* DoroDoro.app */ = {isa = PBXFileReference; explicitFileType = wrapper.application; includeInIndex = 0; path = DoroDoro.app; sourceTree = BUILT_PRODUCTS_DIR; };
		F3AAE29825E7D06700D666BD /* AppDelegate.swift */ = {isa = PBXFileReference; lastKnownFileType = sourcecode.swift; path = AppDelegate.swift; sourceTree = "<group>"; };
		F3AAE29A25E7D06700D666BD /* SceneDelegate.swift */ = {isa = PBXFileReference; lastKnownFileType = sourcecode.swift; path = SceneDelegate.swift; sourceTree = "<group>"; };
		F3AAE2A125E7D06800D666BD /* Assets.xcassets */ = {isa = PBXFileReference; lastKnownFileType = folder.assetcatalog; path = Assets.xcassets; sourceTree = "<group>"; };
		F3AAE2A425E7D06800D666BD /* Base */ = {isa = PBXFileReference; lastKnownFileType = file.storyboard; name = Base; path = Base.lproj/LaunchScreen.storyboard; sourceTree = "<group>"; };
		F3AAE2A625E7D06800D666BD /* Info.plist */ = {isa = PBXFileReference; lastKnownFileType = text.plist.xml; path = Info.plist; sourceTree = "<group>"; };
		F3F4FAEF25E8080D0077FCB5 /* AddrEngCommonData.swift */ = {isa = PBXFileReference; lastKnownFileType = sourcecode.swift; path = AddrEngCommonData.swift; sourceTree = "<group>"; };
		F3F4FAF625E8082F0077FCB5 /* AddrEngJusoData.swift */ = {isa = PBXFileReference; lastKnownFileType = sourcecode.swift; path = AddrEngJusoData.swift; sourceTree = "<group>"; };
		F3F4FAFD25E809CD0077FCB5 /* AddrEngResultsData.swift */ = {isa = PBXFileReference; lastKnownFileType = sourcecode.swift; path = AddrEngResultsData.swift; sourceTree = "<group>"; };
		F3F4FB0925E80A040077FCB5 /* AddrEngApiError.swift */ = {isa = PBXFileReference; lastKnownFileType = sourcecode.swift; path = AddrEngApiError.swift; sourceTree = "<group>"; };
/* End PBXFileReference section */

/* Begin PBXFrameworksBuildPhase section */
		764B0DAD018E5613365D3DC9 /* Frameworks */ = {
			isa = PBXFrameworksBuildPhase;
			buildActionMask = 2147483647;
			files = (
			);
			runOnlyForDeploymentPostprocessing = 0;
		};
		F3444CA325E8B82300A0706F /* Frameworks */ = {
			isa = PBXFrameworksBuildPhase;
			buildActionMask = 2147483647;
			files = (
			);
			runOnlyForDeploymentPostprocessing = 0;
		};
		F378B6B825E7D71C00FCE546 /* Frameworks */ = {
			isa = PBXFrameworksBuildPhase;
			buildActionMask = 2147483647;
			files = (
			);
			runOnlyForDeploymentPostprocessing = 0;
		};
		F378B6D425E7D77200FCE546 /* Frameworks */ = {
			isa = PBXFrameworksBuildPhase;
			buildActionMask = 2147483647;
			files = (
			);
			runOnlyForDeploymentPostprocessing = 0;
		};
		F378B74025E7EED900FCE546 /* Frameworks */ = {
			isa = PBXFrameworksBuildPhase;
			buildActionMask = 2147483647;
			files = (
				F378B74725E7EED900FCE546 /* SwiftUI.framework in Frameworks */,
				F378B74525E7EED900FCE546 /* WidgetKit.framework in Frameworks */,
			);
			runOnlyForDeploymentPostprocessing = 0;
		};
		F3AAE29225E7D06700D666BD /* Frameworks */ = {
			isa = PBXFrameworksBuildPhase;
			buildActionMask = 2147483647;
			files = (
				E8BA96083B64A362F17AAFEA /* Pods_DoroDoro.framework in Frameworks */,
			);
			runOnlyForDeploymentPostprocessing = 0;
		};
/* End PBXFrameworksBuildPhase section */

/* Begin PBXGroup section */
		6FBAAB16978957EF30DAB117 /* Frameworks */ = {
			isa = PBXGroup;
			children = (
				E86CEB0C5A70206FB9CE710D /* Pods_DoroDoro.framework */,
				F378B74425E7EED900FCE546 /* WidgetKit.framework */,
				F378B74625E7EED900FCE546 /* SwiftUI.framework */,
			);
			name = Frameworks;
			sourceTree = "<group>";
		};
		A8A59AF1328A673D479B7E6D /* Pods */ = {
			isa = PBXGroup;
			children = (
				86D49FB34CCC715324E29809 /* Pods-DoroDoro.debug.xcconfig */,
				6D85A13F60C3E781DFBC61E7 /* Pods-DoroDoro.release.xcconfig */,
			);
			path = Pods;
			sourceTree = "<group>";
		};
		F333B98325EB88CD00F1915F /* Entity */ = {
			isa = PBXGroup;
			children = (
				F333B98C25EB890C00F1915F /* SearchResultItem.swift */,
				F333B9A625EB8FB600F1915F /* SearchHeaderItem.swift */,
			);
			path = Entity;
			sourceTree = "<group>";
		};
		F3444C9A25E8B1A700A0706F /* Localizable */ = {
			isa = PBXGroup;
			children = (
				F3444C9B25E8B1BB00A0706F /* Localizable.swift */,
			);
			path = Localizable;
			sourceTree = "<group>";
		};
		F3444CA725E8B82300A0706F /* DoroDoroUITests */ = {
			isa = PBXGroup;
			children = (
				F3444CA825E8B82300A0706F /* DoroDoroUITests.swift */,
				F3444CAA25E8B82300A0706F /* Info.plist */,
			);
			path = DoroDoroUITests;
			sourceTree = "<group>";
		};
		F378B6BC25E7D71C00FCE546 /* DoroDoroTests */ = {
			isa = PBXGroup;
			children = (
				F378B6BD25E7D71C00FCE546 /* DoroDoroAPITests.swift */,
				F3444DCC25E8C4B300A0706F /* DoroDoroAPIErrorTests.swift */,
				F378B6BF25E7D71C00FCE546 /* Info.plist */,
			);
			path = DoroDoroTests;
			sourceTree = "<group>";
		};
		F378B6CC25E7D77100FCE546 /* DoroDoroWatch */ = {
			isa = PBXGroup;
			children = (
				F378B6CD25E7D77100FCE546 /* Interface.storyboard */,
				F378B6D025E7D77200FCE546 /* Assets.xcassets */,
				F378B6D225E7D77200FCE546 /* Info.plist */,
			);
			path = DoroDoroWatch;
			sourceTree = "<group>";
		};
		F378B6DB25E7D77200FCE546 /* DoroDoroWatch Extension */ = {
			isa = PBXGroup;
			children = (
				F378B6DC25E7D77200FCE546 /* InterfaceController.swift */,
				F378B6DE25E7D77200FCE546 /* ExtensionDelegate.swift */,
				F378B6E025E7D77200FCE546 /* ComplicationController.swift */,
				F378B6E225E7D77300FCE546 /* Assets.xcassets */,
				F378B6E425E7D77300FCE546 /* Info.plist */,
			);
			path = "DoroDoroWatch Extension";
			sourceTree = "<group>";
		};
		F378B6F525E7D82400FCE546 /* Search */ = {
			isa = PBXGroup;
			children = (
				F378B6FA25E7D83F00FCE546 /* SearchViewController.swift */,
				F333B97A25EB7F0200F1915F /* SearchViewModel.swift */,
			);
			path = Search;
			sourceTree = "<group>";
		};
		F378B70025E7D86F00FCE546 /* TabBar */ = {
			isa = PBXGroup;
			children = (
				F378B70125E7D88A00FCE546 /* MainTabBarController.swift */,
			);
			path = TabBar;
			sourceTree = "<group>";
		};
		F378B70725E7D8AF00FCE546 /* Bookmark */ = {
			isa = PBXGroup;
			children = (
				F378B70825E7D8C600FCE546 /* BookmarkViewController.swift */,
			);
			path = Bookmark;
			sourceTree = "<group>";
		};
		F378B72025E7DC8E00FCE546 /* API */ = {
			isa = PBXGroup;
			children = (
				F378B76B25E7F08700FCE546 /* AddrLinkData */,
				F378B76C25E7F08E00FCE546 /* AddrEngData */,
				F378B72825E7E26900FCE546 /* APIService.swift */,
				F3309FF725EA8C5D0024DF7F /* Keys.swift */,
			);
			path = API;
			sourceTree = "<group>";
		};
		F378B72125E7DD7500FCE546 /* Views */ = {
			isa = PBXGroup;
			children = (
				F378B70025E7D86F00FCE546 /* TabBar */,
				F378B6F525E7D82400FCE546 /* Search */,
				F378B70725E7D8AF00FCE546 /* Bookmark */,
				F378B76D25E7F0A200FCE546 /* Settings */,
			);
			path = Views;
			sourceTree = "<group>";
		};
		F378B74825E7EED900FCE546 /* DoroDoroWidget */ = {
			isa = PBXGroup;
			children = (
				F378B74925E7EED900FCE546 /* DoroDoroWidget.swift */,
				F378B74B25E7EED900FCE546 /* DoroDoroWidget.intentdefinition */,
				F378B74C25E7EEDB00FCE546 /* Assets.xcassets */,
				F378B74E25E7EEDB00FCE546 /* Info.plist */,
			);
			path = DoroDoroWidget;
			sourceTree = "<group>";
		};
		F378B76B25E7F08700FCE546 /* AddrLinkData */ = {
			isa = PBXGroup;
			children = (
				F378B77525E7F17A00FCE546 /* AddrLinkCommonData.swift */,
				F378B77C25E7F18900FCE546 /* AddrLinkJusoData.swift */,
				F378B78325E7F45600FCE546 /* AddrLinkApiError.swift */,
				F378B78F25E7FAE500FCE546 /* AddrLinkResultsData.swift */,
			);
			path = AddrLinkData;
			sourceTree = "<group>";
		};
		F378B76C25E7F08E00FCE546 /* AddrEngData */ = {
			isa = PBXGroup;
			children = (
				F3F4FAEF25E8080D0077FCB5 /* AddrEngCommonData.swift */,
				F3F4FAF625E8082F0077FCB5 /* AddrEngJusoData.swift */,
				F3F4FB0925E80A040077FCB5 /* AddrEngApiError.swift */,
				F3F4FAFD25E809CD0077FCB5 /* AddrEngResultsData.swift */,
			);
			path = AddrEngData;
			sourceTree = "<group>";
		};
		F378B76D25E7F0A200FCE546 /* Settings */ = {
			isa = PBXGroup;
			children = (
				F378B76E25E7F0B700FCE546 /* SettingsViewController.swift */,
			);
			path = Settings;
			sourceTree = "<group>";
		};
		F378B79625E8005100FCE546 /* Models */ = {
			isa = PBXGroup;
			children = (
				F333B98325EB88CD00F1915F /* Entity */,
				F3444C9A25E8B1A700A0706F /* Localizable */,
				F378B72025E7DC8E00FCE546 /* API */,
			);
			path = Models;
			sourceTree = "<group>";
		};
		F3AAE28C25E7D06700D666BD = {
			isa = PBXGroup;
			children = (
				F378B75425E7EEDB00FCE546 /* DoroDoroWidgetExtension.entitlements */,
				F3AAE29725E7D06700D666BD /* DoroDoro */,
				F378B6BC25E7D71C00FCE546 /* DoroDoroTests */,
				F3444CA725E8B82300A0706F /* DoroDoroUITests */,
				F378B6CC25E7D77100FCE546 /* DoroDoroWatch */,
				F378B6DB25E7D77200FCE546 /* DoroDoroWatch Extension */,
				F378B74825E7EED900FCE546 /* DoroDoroWidget */,
				F3AAE29625E7D06700D666BD /* Products */,
				A8A59AF1328A673D479B7E6D /* Pods */,
				6FBAAB16978957EF30DAB117 /* Frameworks */,
			);
			sourceTree = "<group>";
		};
		F3AAE29625E7D06700D666BD /* Products */ = {
			isa = PBXGroup;
			children = (
				F3AAE29525E7D06700D666BD /* DoroDoro.app */,
				F378B6BB25E7D71C00FCE546 /* DoroDoroTests.xctest */,
				F378B6CB25E7D77100FCE546 /* DoroDoroWatch.app */,
				F378B6D725E7D77200FCE546 /* DoroDoroWatch Extension.appex */,
				F378B74325E7EED900FCE546 /* DoroDoroWidgetExtension.appex */,
				F3444CA625E8B82300A0706F /* DoroDoroUITests.xctest */,
			);
			name = Products;
			sourceTree = "<group>";
		};
		F3AAE29725E7D06700D666BD /* DoroDoro */ = {
			isa = PBXGroup;
			children = (
				F378B72125E7DD7500FCE546 /* Views */,
				F378B79625E8005100FCE546 /* Models */,
				F378B6A225E7D13E00FCE546 /* DoroDoro.entitlements */,
				F3AAE29825E7D06700D666BD /* AppDelegate.swift */,
				F3AAE29A25E7D06700D666BD /* SceneDelegate.swift */,
				F3AAE2A125E7D06800D666BD /* Assets.xcassets */,
				F3AAE2A325E7D06800D666BD /* LaunchScreen.storyboard */,
				F3AAE2A625E7D06800D666BD /* Info.plist */,
				F378B6B325E7D69300FCE546 /* Localizable.strings */,
				F378B71625E7DAFF00FCE546 /* InfoPlist.strings */,
			);
			path = DoroDoro;
			sourceTree = "<group>";
		};
/* End PBXGroup section */

/* Begin PBXNativeTarget section */
		F3444CA525E8B82300A0706F /* DoroDoroUITests */ = {
			isa = PBXNativeTarget;
			buildConfigurationList = F3444CAD25E8B82300A0706F /* Build configuration list for PBXNativeTarget "DoroDoroUITests" */;
			buildPhases = (
				F3444CA225E8B82300A0706F /* Sources */,
				F3444CA325E8B82300A0706F /* Frameworks */,
				F3444CA425E8B82300A0706F /* Resources */,
			);
			buildRules = (
			);
			dependencies = (
				F3444CAC25E8B82300A0706F /* PBXTargetDependency */,
			);
			name = DoroDoroUITests;
			productName = DoroDoroUITests;
			productReference = F3444CA625E8B82300A0706F /* DoroDoroUITests.xctest */;
			productType = "com.apple.product-type.bundle.ui-testing";
		};
		F378B6BA25E7D71C00FCE546 /* DoroDoroTests */ = {
			isa = PBXNativeTarget;
			buildConfigurationList = F378B6C225E7D71C00FCE546 /* Build configuration list for PBXNativeTarget "DoroDoroTests" */;
			buildPhases = (
				F378B6B725E7D71C00FCE546 /* Sources */,
				F378B6B825E7D71C00FCE546 /* Frameworks */,
				F378B6B925E7D71C00FCE546 /* Resources */,
			);
			buildRules = (
			);
			dependencies = (
				F378B6C125E7D71C00FCE546 /* PBXTargetDependency */,
			);
			name = DoroDoroTests;
			productName = DoroDoroTests;
			productReference = F378B6BB25E7D71C00FCE546 /* DoroDoroTests.xctest */;
			productType = "com.apple.product-type.bundle.unit-test";
		};
		F378B6CA25E7D77100FCE546 /* DoroDoroWatch */ = {
			isa = PBXNativeTarget;
			buildConfigurationList = F378B6EC25E7D77300FCE546 /* Build configuration list for PBXNativeTarget "DoroDoroWatch" */;
			buildPhases = (
				F378B6C925E7D77100FCE546 /* Resources */,
				F378B6EB25E7D77300FCE546 /* Embed App Extensions */,
				764B0DAD018E5613365D3DC9 /* Frameworks */,
			);
			buildRules = (
			);
			dependencies = (
				F378B6DA25E7D77200FCE546 /* PBXTargetDependency */,
			);
			name = DoroDoroWatch;
			productName = DoroDoroWatch;
			productReference = F378B6CB25E7D77100FCE546 /* DoroDoroWatch.app */;
			productType = "com.apple.product-type.application.watchapp2";
		};
		F378B6D625E7D77200FCE546 /* DoroDoroWatch Extension */ = {
			isa = PBXNativeTarget;
			buildConfigurationList = F378B6E825E7D77300FCE546 /* Build configuration list for PBXNativeTarget "DoroDoroWatch Extension" */;
			buildPhases = (
				F378B6D325E7D77200FCE546 /* Sources */,
				F378B6D425E7D77200FCE546 /* Frameworks */,
				F378B6D525E7D77200FCE546 /* Resources */,
			);
			buildRules = (
			);
			dependencies = (
			);
			name = "DoroDoroWatch Extension";
			productName = "DoroDoroWatch Extension";
			productReference = F378B6D725E7D77200FCE546 /* DoroDoroWatch Extension.appex */;
			productType = "com.apple.product-type.watchkit2-extension";
		};
		F378B74225E7EED900FCE546 /* DoroDoroWidgetExtension */ = {
			isa = PBXNativeTarget;
			buildConfigurationList = F378B75525E7EEDB00FCE546 /* Build configuration list for PBXNativeTarget "DoroDoroWidgetExtension" */;
			buildPhases = (
				F378B73F25E7EED900FCE546 /* Sources */,
				F378B74025E7EED900FCE546 /* Frameworks */,
				F378B74125E7EED900FCE546 /* Resources */,
			);
			buildRules = (
			);
			dependencies = (
			);
			name = DoroDoroWidgetExtension;
			productName = DoroDoroWidgetExtension;
			productReference = F378B74325E7EED900FCE546 /* DoroDoroWidgetExtension.appex */;
			productType = "com.apple.product-type.app-extension";
		};
		F3AAE29425E7D06700D666BD /* DoroDoro */ = {
			isa = PBXNativeTarget;
			buildConfigurationList = F3AAE2A925E7D06800D666BD /* Build configuration list for PBXNativeTarget "DoroDoro" */;
			buildPhases = (
				42A183763EE19DA7B551364D /* [CP] Check Pods Manifest.lock */,
				F3AAE29125E7D06700D666BD /* Sources */,
				F3AAE29225E7D06700D666BD /* Frameworks */,
				F3AAE29325E7D06700D666BD /* Resources */,
				C7C0829D08C78473D4B703F4 /* [CP] Embed Pods Frameworks */,
				F378B6EF25E7D77300FCE546 /* Embed Watch Content */,
				F378B75825E7EEDB00FCE546 /* Embed App Extensions */,
			);
			buildRules = (
			);
			dependencies = (
				F378B6E625E7D77300FCE546 /* PBXTargetDependency */,
				F378B75225E7EEDB00FCE546 /* PBXTargetDependency */,
			);
			name = DoroDoro;
			productName = DoroDoro;
			productReference = F3AAE29525E7D06700D666BD /* DoroDoro.app */;
			productType = "com.apple.product-type.application";
		};
/* End PBXNativeTarget section */

/* Begin PBXProject section */
		F3AAE28D25E7D06700D666BD /* Project object */ = {
			isa = PBXProject;
			attributes = {
				LastSwiftUpdateCheck = 1240;
				LastUpgradeCheck = 1240;
				TargetAttributes = {
					F3444CA525E8B82300A0706F = {
						CreatedOnToolsVersion = 12.4;
						TestTargetID = F3AAE29425E7D06700D666BD;
					};
					F378B6BA25E7D71C00FCE546 = {
						CreatedOnToolsVersion = 12.4;
						TestTargetID = F3AAE29425E7D06700D666BD;
					};
					F378B6CA25E7D77100FCE546 = {
						CreatedOnToolsVersion = 12.4;
					};
					F378B6D625E7D77200FCE546 = {
						CreatedOnToolsVersion = 12.4;
					};
					F378B74225E7EED900FCE546 = {
						CreatedOnToolsVersion = 12.4;
					};
					F3AAE29425E7D06700D666BD = {
						CreatedOnToolsVersion = 12.4;
					};
				};
			};
			buildConfigurationList = F3AAE29025E7D06700D666BD /* Build configuration list for PBXProject "DoroDoro" */;
			compatibilityVersion = "Xcode 9.3";
			developmentRegion = en;
			hasScannedForEncodings = 0;
			knownRegions = (
				en,
				Base,
				ko,
			);
			mainGroup = F3AAE28C25E7D06700D666BD;
			productRefGroup = F3AAE29625E7D06700D666BD /* Products */;
			projectDirPath = "";
			projectRoot = "";
			targets = (
				F3AAE29425E7D06700D666BD /* DoroDoro */,
				F378B6BA25E7D71C00FCE546 /* DoroDoroTests */,
				F378B6CA25E7D77100FCE546 /* DoroDoroWatch */,
				F378B6D625E7D77200FCE546 /* DoroDoroWatch Extension */,
				F378B74225E7EED900FCE546 /* DoroDoroWidgetExtension */,
				F3444CA525E8B82300A0706F /* DoroDoroUITests */,
			);
		};
/* End PBXProject section */

/* Begin PBXResourcesBuildPhase section */
		F3444CA425E8B82300A0706F /* Resources */ = {
			isa = PBXResourcesBuildPhase;
			buildActionMask = 2147483647;
			files = (
			);
			runOnlyForDeploymentPostprocessing = 0;
		};
		F378B6B925E7D71C00FCE546 /* Resources */ = {
			isa = PBXResourcesBuildPhase;
			buildActionMask = 2147483647;
			files = (
			);
			runOnlyForDeploymentPostprocessing = 0;
		};
		F378B6C925E7D77100FCE546 /* Resources */ = {
			isa = PBXResourcesBuildPhase;
			buildActionMask = 2147483647;
			files = (
				F378B6D125E7D77200FCE546 /* Assets.xcassets in Resources */,
				F378B6CF25E7D77100FCE546 /* Interface.storyboard in Resources */,
			);
			runOnlyForDeploymentPostprocessing = 0;
		};
		F378B6D525E7D77200FCE546 /* Resources */ = {
			isa = PBXResourcesBuildPhase;
			buildActionMask = 2147483647;
			files = (
				F378B6E325E7D77300FCE546 /* Assets.xcassets in Resources */,
			);
			runOnlyForDeploymentPostprocessing = 0;
		};
		F378B74125E7EED900FCE546 /* Resources */ = {
			isa = PBXResourcesBuildPhase;
			buildActionMask = 2147483647;
			files = (
				F378B74D25E7EEDB00FCE546 /* Assets.xcassets in Resources */,
			);
			runOnlyForDeploymentPostprocessing = 0;
		};
		F3AAE29325E7D06700D666BD /* Resources */ = {
			isa = PBXResourcesBuildPhase;
			buildActionMask = 2147483647;
			files = (
				F3AAE2A525E7D06800D666BD /* LaunchScreen.storyboard in Resources */,
				F378B71425E7DAFF00FCE546 /* InfoPlist.strings in Resources */,
				F378B6B125E7D69300FCE546 /* Localizable.strings in Resources */,
				F3AAE2A225E7D06800D666BD /* Assets.xcassets in Resources */,
			);
			runOnlyForDeploymentPostprocessing = 0;
		};
/* End PBXResourcesBuildPhase section */

/* Begin PBXShellScriptBuildPhase section */
		42A183763EE19DA7B551364D /* [CP] Check Pods Manifest.lock */ = {
			isa = PBXShellScriptBuildPhase;
			buildActionMask = 2147483647;
			files = (
			);
			inputFileListPaths = (
			);
			inputPaths = (
				"${PODS_PODFILE_DIR_PATH}/Podfile.lock",
				"${PODS_ROOT}/Manifest.lock",
			);
			name = "[CP] Check Pods Manifest.lock";
			outputFileListPaths = (
			);
			outputPaths = (
				"$(DERIVED_FILE_DIR)/Pods-DoroDoro-checkManifestLockResult.txt",
			);
			runOnlyForDeploymentPostprocessing = 0;
			shellPath = /bin/sh;
			shellScript = "diff \"${PODS_PODFILE_DIR_PATH}/Podfile.lock\" \"${PODS_ROOT}/Manifest.lock\" > /dev/null\nif [ $? != 0 ] ; then\n    # print error to STDERR\n    echo \"error: The sandbox is not in sync with the Podfile.lock. Run 'pod install' or update your CocoaPods installation.\" >&2\n    exit 1\nfi\n# This output is used by Xcode 'outputs' to avoid re-running this script phase.\necho \"SUCCESS\" > \"${SCRIPT_OUTPUT_FILE_0}\"\n";
			showEnvVarsInLog = 0;
		};
		C7C0829D08C78473D4B703F4 /* [CP] Embed Pods Frameworks */ = {
			isa = PBXShellScriptBuildPhase;
			buildActionMask = 2147483647;
			files = (
			);
			inputFileListPaths = (
				"${PODS_ROOT}/Target Support Files/Pods-DoroDoro/Pods-DoroDoro-frameworks-${CONFIGURATION}-input-files.xcfilelist",
			);
			name = "[CP] Embed Pods Frameworks";
			outputFileListPaths = (
				"${PODS_ROOT}/Target Support Files/Pods-DoroDoro/Pods-DoroDoro-frameworks-${CONFIGURATION}-output-files.xcfilelist",
			);
			runOnlyForDeploymentPostprocessing = 0;
			shellPath = /bin/sh;
			shellScript = "\"${PODS_ROOT}/Target Support Files/Pods-DoroDoro/Pods-DoroDoro-frameworks.sh\"\n";
			showEnvVarsInLog = 0;
		};
/* End PBXShellScriptBuildPhase section */

/* Begin PBXSourcesBuildPhase section */
		F3444CA225E8B82300A0706F /* Sources */ = {
			isa = PBXSourcesBuildPhase;
			buildActionMask = 2147483647;
			files = (
				F3444CA925E8B82300A0706F /* DoroDoroUITests.swift in Sources */,
			);
			runOnlyForDeploymentPostprocessing = 0;
		};
		F378B6B725E7D71C00FCE546 /* Sources */ = {
			isa = PBXSourcesBuildPhase;
			buildActionMask = 2147483647;
			files = (
				F378B6BE25E7D71C00FCE546 /* DoroDoroAPITests.swift in Sources */,
				F3444DCD25E8C4B300A0706F /* DoroDoroAPIErrorTests.swift in Sources */,
			);
			runOnlyForDeploymentPostprocessing = 0;
		};
		F378B6D325E7D77200FCE546 /* Sources */ = {
			isa = PBXSourcesBuildPhase;
			buildActionMask = 2147483647;
			files = (
				F378B6DF25E7D77200FCE546 /* ExtensionDelegate.swift in Sources */,
				F378B6DD25E7D77200FCE546 /* InterfaceController.swift in Sources */,
				F378B6E125E7D77200FCE546 /* ComplicationController.swift in Sources */,
			);
			runOnlyForDeploymentPostprocessing = 0;
		};
		F378B73F25E7EED900FCE546 /* Sources */ = {
			isa = PBXSourcesBuildPhase;
			buildActionMask = 2147483647;
			files = (
				F378B74F25E7EEDB00FCE546 /* DoroDoroWidget.intentdefinition in Sources */,
				F378B74A25E7EED900FCE546 /* DoroDoroWidget.swift in Sources */,
			);
			runOnlyForDeploymentPostprocessing = 0;
		};
		F3AAE29125E7D06700D666BD /* Sources */ = {
			isa = PBXSourcesBuildPhase;
			buildActionMask = 2147483647;
			files = (
				F3F4FB0A25E80A040077FCB5 /* AddrEngApiError.swift in Sources */,
				F378B6FB25E7D83F00FCE546 /* SearchViewController.swift in Sources */,
				F3F4FAFE25E809CD0077FCB5 /* AddrEngResultsData.swift in Sources */,
				F3AAE29925E7D06700D666BD /* AppDelegate.swift in Sources */,
				F333B97B25EB7F0200F1915F /* SearchViewModel.swift in Sources */,
				F378B77625E7F17A00FCE546 /* AddrLinkCommonData.swift in Sources */,
				F378B70225E7D88A00FCE546 /* MainTabBarController.swift in Sources */,
				F3F4FAF025E8080D0077FCB5 /* AddrEngCommonData.swift in Sources */,
				F3309FF825EA8C5D0024DF7F /* Keys.swift in Sources */,
				F378B79025E7FAE500FCE546 /* AddrLinkResultsData.swift in Sources */,
				F378B78425E7F45600FCE546 /* AddrLinkApiError.swift in Sources */,
				F378B75025E7EEDB00FCE546 /* DoroDoroWidget.intentdefinition in Sources */,
				F333B98D25EB890C00F1915F /* SearchResultItem.swift in Sources */,
				F333B9A725EB8FB600F1915F /* SearchHeaderItem.swift in Sources */,
				F378B70925E7D8C600FCE546 /* BookmarkViewController.swift in Sources */,
				F3F4FAF725E8082F0077FCB5 /* AddrEngJusoData.swift in Sources */,
				F3AAE29B25E7D06700D666BD /* SceneDelegate.swift in Sources */,
				F378B72925E7E26900FCE546 /* APIService.swift in Sources */,
				F378B77D25E7F18900FCE546 /* AddrLinkJusoData.swift in Sources */,
				F3444C9C25E8B1BB00A0706F /* Localizable.swift in Sources */,
				F378B76F25E7F0B700FCE546 /* SettingsViewController.swift in Sources */,
			);
			runOnlyForDeploymentPostprocessing = 0;
		};
/* End PBXSourcesBuildPhase section */

/* Begin PBXTargetDependency section */
		F3444CAC25E8B82300A0706F /* PBXTargetDependency */ = {
			isa = PBXTargetDependency;
			target = F3AAE29425E7D06700D666BD /* DoroDoro */;
			targetProxy = F3444CAB25E8B82300A0706F /* PBXContainerItemProxy */;
		};
		F378B6C125E7D71C00FCE546 /* PBXTargetDependency */ = {
			isa = PBXTargetDependency;
			target = F3AAE29425E7D06700D666BD /* DoroDoro */;
			targetProxy = F378B6C025E7D71C00FCE546 /* PBXContainerItemProxy */;
		};
		F378B6DA25E7D77200FCE546 /* PBXTargetDependency */ = {
			isa = PBXTargetDependency;
			target = F378B6D625E7D77200FCE546 /* DoroDoroWatch Extension */;
			targetProxy = F378B6D925E7D77200FCE546 /* PBXContainerItemProxy */;
		};
		F378B6E625E7D77300FCE546 /* PBXTargetDependency */ = {
			isa = PBXTargetDependency;
			target = F378B6CA25E7D77100FCE546 /* DoroDoroWatch */;
			targetProxy = F378B6E525E7D77300FCE546 /* PBXContainerItemProxy */;
		};
		F378B75225E7EEDB00FCE546 /* PBXTargetDependency */ = {
			isa = PBXTargetDependency;
			target = F378B74225E7EED900FCE546 /* DoroDoroWidgetExtension */;
			targetProxy = F378B75125E7EEDB00FCE546 /* PBXContainerItemProxy */;
		};
/* End PBXTargetDependency section */

/* Begin PBXVariantGroup section */
		F378B6B325E7D69300FCE546 /* Localizable.strings */ = {
			isa = PBXVariantGroup;
			children = (
				F378B6B225E7D69300FCE546 /* en */,
				F378B6B425E7D69600FCE546 /* ko */,
			);
			name = Localizable.strings;
			sourceTree = "<group>";
		};
		F378B6CD25E7D77100FCE546 /* Interface.storyboard */ = {
			isa = PBXVariantGroup;
			children = (
				F378B6CE25E7D77100FCE546 /* Base */,
			);
			name = Interface.storyboard;
			sourceTree = "<group>";
		};
		F378B71625E7DAFF00FCE546 /* InfoPlist.strings */ = {
			isa = PBXVariantGroup;
			children = (
				F378B71525E7DAFF00FCE546 /* en */,
				F378B71B25E7DB0200FCE546 /* ko */,
			);
			name = InfoPlist.strings;
			sourceTree = "<group>";
		};
		F3AAE2A325E7D06800D666BD /* LaunchScreen.storyboard */ = {
			isa = PBXVariantGroup;
			children = (
				F3AAE2A425E7D06800D666BD /* Base */,
				F378B6AA25E7D5ED00FCE546 /* ko */,
				F378B6AD25E7D64F00FCE546 /* en */,
			);
			name = LaunchScreen.storyboard;
			sourceTree = "<group>";
		};
/* End PBXVariantGroup section */

/* Begin XCBuildConfiguration section */
		F3444CAE25E8B82300A0706F /* Debug */ = {
			isa = XCBuildConfiguration;
			buildSettings = {
				CODE_SIGN_STYLE = Automatic;
				DEVELOPMENT_TEAM = P53D29U9LJ;
				INFOPLIST_FILE = DoroDoroUITests/Info.plist;
				IPHONEOS_DEPLOYMENT_TARGET = 14.4;
				LD_RUNPATH_SEARCH_PATHS = (
					"$(inherited)",
					"@executable_path/Frameworks",
					"@loader_path/Frameworks",
				);
				PRODUCT_BUNDLE_IDENTIFIER = com.pookjw.DoroDoroUITests;
				PRODUCT_NAME = "$(TARGET_NAME)";
				SWIFT_VERSION = 5.0;
				TARGETED_DEVICE_FAMILY = "1,2";
				TEST_TARGET_NAME = DoroDoro;
			};
			name = Debug;
		};
		F3444CAF25E8B82300A0706F /* Release */ = {
			isa = XCBuildConfiguration;
			buildSettings = {
				CODE_SIGN_STYLE = Automatic;
				DEVELOPMENT_TEAM = P53D29U9LJ;
				INFOPLIST_FILE = DoroDoroUITests/Info.plist;
				IPHONEOS_DEPLOYMENT_TARGET = 14.4;
				LD_RUNPATH_SEARCH_PATHS = (
					"$(inherited)",
					"@executable_path/Frameworks",
					"@loader_path/Frameworks",
				);
				PRODUCT_BUNDLE_IDENTIFIER = com.pookjw.DoroDoroUITests;
				PRODUCT_NAME = "$(TARGET_NAME)";
				SWIFT_VERSION = 5.0;
				TARGETED_DEVICE_FAMILY = "1,2";
				TEST_TARGET_NAME = DoroDoro;
			};
			name = Release;
		};
		F378B6C325E7D71C00FCE546 /* Debug */ = {
			isa = XCBuildConfiguration;
			buildSettings = {
				BUNDLE_LOADER = "$(TEST_HOST)";
				CODE_SIGN_STYLE = Automatic;
				DEVELOPMENT_TEAM = P53D29U9LJ;
				INFOPLIST_FILE = DoroDoroTests/Info.plist;
				IPHONEOS_DEPLOYMENT_TARGET = 14.4;
				LD_RUNPATH_SEARCH_PATHS = (
					"$(inherited)",
					"@executable_path/Frameworks",
					"@loader_path/Frameworks",
				);
				PRODUCT_BUNDLE_IDENTIFIER = com.pookjw.DoroDoroTests;
				PRODUCT_NAME = "$(TARGET_NAME)";
				SWIFT_VERSION = 5.0;
				TARGETED_DEVICE_FAMILY = "1,2";
				TEST_HOST = "$(BUILT_PRODUCTS_DIR)/DoroDoro.app/DoroDoro";
			};
			name = Debug;
		};
		F378B6C425E7D71C00FCE546 /* Release */ = {
			isa = XCBuildConfiguration;
			buildSettings = {
				BUNDLE_LOADER = "$(TEST_HOST)";
				CODE_SIGN_STYLE = Automatic;
				DEVELOPMENT_TEAM = P53D29U9LJ;
				INFOPLIST_FILE = DoroDoroTests/Info.plist;
				IPHONEOS_DEPLOYMENT_TARGET = 14.4;
				LD_RUNPATH_SEARCH_PATHS = (
					"$(inherited)",
					"@executable_path/Frameworks",
					"@loader_path/Frameworks",
				);
				PRODUCT_BUNDLE_IDENTIFIER = com.pookjw.DoroDoroTests;
				PRODUCT_NAME = "$(TARGET_NAME)";
				SWIFT_VERSION = 5.0;
				TARGETED_DEVICE_FAMILY = "1,2";
				TEST_HOST = "$(BUILT_PRODUCTS_DIR)/DoroDoro.app/DoroDoro";
			};
			name = Release;
		};
		F378B6E925E7D77300FCE546 /* Debug */ = {
			isa = XCBuildConfiguration;
			buildSettings = {
				ASSETCATALOG_COMPILER_COMPLICATION_NAME = Complication;
				CODE_SIGN_STYLE = Automatic;
				DEVELOPMENT_TEAM = P53D29U9LJ;
				INFOPLIST_FILE = "DoroDoroWatch Extension/Info.plist";
				LD_RUNPATH_SEARCH_PATHS = (
					"$(inherited)",
					"@executable_path/Frameworks",
					"@executable_path/../../Frameworks",
				);
				PRODUCT_BUNDLE_IDENTIFIER = com.pookjw.DoroDoro.watchkitapp.watchkitextension;
				PRODUCT_NAME = "${TARGET_NAME}";
				SDKROOT = watchos;
				SKIP_INSTALL = YES;
				SWIFT_VERSION = 5.0;
				TARGETED_DEVICE_FAMILY = 4;
				WATCHOS_DEPLOYMENT_TARGET = 7.2;
			};
			name = Debug;
		};
		F378B6EA25E7D77300FCE546 /* Release */ = {
			isa = XCBuildConfiguration;
			buildSettings = {
				ASSETCATALOG_COMPILER_COMPLICATION_NAME = Complication;
				CODE_SIGN_STYLE = Automatic;
				DEVELOPMENT_TEAM = P53D29U9LJ;
				INFOPLIST_FILE = "DoroDoroWatch Extension/Info.plist";
				LD_RUNPATH_SEARCH_PATHS = (
					"$(inherited)",
					"@executable_path/Frameworks",
					"@executable_path/../../Frameworks",
				);
				PRODUCT_BUNDLE_IDENTIFIER = com.pookjw.DoroDoro.watchkitapp.watchkitextension;
				PRODUCT_NAME = "${TARGET_NAME}";
				SDKROOT = watchos;
				SKIP_INSTALL = YES;
				SWIFT_VERSION = 5.0;
				TARGETED_DEVICE_FAMILY = 4;
				WATCHOS_DEPLOYMENT_TARGET = 7.2;
			};
			name = Release;
		};
		F378B6ED25E7D77300FCE546 /* Debug */ = {
			isa = XCBuildConfiguration;
			buildSettings = {
				ALWAYS_EMBED_SWIFT_STANDARD_LIBRARIES = YES;
				ASSETCATALOG_COMPILER_APPICON_NAME = AppIcon;
				ASSETCATALOG_COMPILER_GLOBAL_ACCENT_COLOR_NAME = AccentColor;
				CODE_SIGN_STYLE = Automatic;
				DEVELOPMENT_TEAM = P53D29U9LJ;
				IBSC_MODULE = DoroDoroWatch_Extension;
				INFOPLIST_FILE = DoroDoroWatch/Info.plist;
				PRODUCT_BUNDLE_IDENTIFIER = com.pookjw.DoroDoro.watchkitapp;
				PRODUCT_NAME = "$(TARGET_NAME)";
				SDKROOT = watchos;
				SKIP_INSTALL = YES;
				SWIFT_VERSION = 5.0;
				TARGETED_DEVICE_FAMILY = 4;
				WATCHOS_DEPLOYMENT_TARGET = 7.2;
			};
			name = Debug;
		};
		F378B6EE25E7D77300FCE546 /* Release */ = {
			isa = XCBuildConfiguration;
			buildSettings = {
				ALWAYS_EMBED_SWIFT_STANDARD_LIBRARIES = YES;
				ASSETCATALOG_COMPILER_APPICON_NAME = AppIcon;
				ASSETCATALOG_COMPILER_GLOBAL_ACCENT_COLOR_NAME = AccentColor;
				CODE_SIGN_STYLE = Automatic;
				DEVELOPMENT_TEAM = P53D29U9LJ;
				IBSC_MODULE = DoroDoroWatch_Extension;
				INFOPLIST_FILE = DoroDoroWatch/Info.plist;
				PRODUCT_BUNDLE_IDENTIFIER = com.pookjw.DoroDoro.watchkitapp;
				PRODUCT_NAME = "$(TARGET_NAME)";
				SDKROOT = watchos;
				SKIP_INSTALL = YES;
				SWIFT_VERSION = 5.0;
				TARGETED_DEVICE_FAMILY = 4;
				WATCHOS_DEPLOYMENT_TARGET = 7.2;
			};
			name = Release;
		};
		F378B75625E7EEDB00FCE546 /* Debug */ = {
			isa = XCBuildConfiguration;
			buildSettings = {
				ASSETCATALOG_COMPILER_GLOBAL_ACCENT_COLOR_NAME = AccentColor;
				ASSETCATALOG_COMPILER_WIDGET_BACKGROUND_COLOR_NAME = WidgetBackground;
				CODE_SIGN_ENTITLEMENTS = DoroDoroWidgetExtension.entitlements;
				CODE_SIGN_STYLE = Automatic;
				DEVELOPMENT_TEAM = P53D29U9LJ;
				INFOPLIST_FILE = DoroDoroWidget/Info.plist;
				IPHONEOS_DEPLOYMENT_TARGET = 14.4;
				LD_RUNPATH_SEARCH_PATHS = (
					"$(inherited)",
					"@executable_path/Frameworks",
					"@executable_path/../../Frameworks",
				);
				PRODUCT_BUNDLE_IDENTIFIER = com.pookjw.DoroDoro.DoroDoroWidget;
				PRODUCT_NAME = "$(TARGET_NAME)";
				SKIP_INSTALL = YES;
				SUPPORTS_MACCATALYST = YES;
				SWIFT_VERSION = 5.0;
				TARGETED_DEVICE_FAMILY = "1,2";
			};
			name = Debug;
		};
		F378B75725E7EEDB00FCE546 /* Release */ = {
			isa = XCBuildConfiguration;
			buildSettings = {
				ASSETCATALOG_COMPILER_GLOBAL_ACCENT_COLOR_NAME = AccentColor;
				ASSETCATALOG_COMPILER_WIDGET_BACKGROUND_COLOR_NAME = WidgetBackground;
				CODE_SIGN_ENTITLEMENTS = DoroDoroWidgetExtension.entitlements;
				CODE_SIGN_STYLE = Automatic;
				DEVELOPMENT_TEAM = P53D29U9LJ;
				INFOPLIST_FILE = DoroDoroWidget/Info.plist;
				IPHONEOS_DEPLOYMENT_TARGET = 14.4;
				LD_RUNPATH_SEARCH_PATHS = (
					"$(inherited)",
					"@executable_path/Frameworks",
					"@executable_path/../../Frameworks",
				);
				PRODUCT_BUNDLE_IDENTIFIER = com.pookjw.DoroDoro.DoroDoroWidget;
				PRODUCT_NAME = "$(TARGET_NAME)";
				SKIP_INSTALL = YES;
				SUPPORTS_MACCATALYST = YES;
				SWIFT_VERSION = 5.0;
				TARGETED_DEVICE_FAMILY = "1,2";
			};
			name = Release;
		};
		F3AAE2A725E7D06800D666BD /* Debug */ = {
			isa = XCBuildConfiguration;
			buildSettings = {
				ALWAYS_SEARCH_USER_PATHS = NO;
				CLANG_ANALYZER_LOCALIZABILITY_NONLOCALIZED = YES;
				CLANG_ANALYZER_NONNULL = YES;
				CLANG_ANALYZER_NUMBER_OBJECT_CONVERSION = YES_AGGRESSIVE;
				CLANG_CXX_LANGUAGE_STANDARD = "gnu++14";
				CLANG_CXX_LIBRARY = "libc++";
				CLANG_ENABLE_MODULES = YES;
				CLANG_ENABLE_OBJC_ARC = YES;
				CLANG_ENABLE_OBJC_WEAK = YES;
				CLANG_WARN_BLOCK_CAPTURE_AUTORELEASING = YES;
				CLANG_WARN_BOOL_CONVERSION = YES;
				CLANG_WARN_COMMA = YES;
				CLANG_WARN_CONSTANT_CONVERSION = YES;
				CLANG_WARN_DEPRECATED_OBJC_IMPLEMENTATIONS = YES;
				CLANG_WARN_DIRECT_OBJC_ISA_USAGE = YES_ERROR;
				CLANG_WARN_DOCUMENTATION_COMMENTS = YES;
				CLANG_WARN_EMPTY_BODY = YES;
				CLANG_WARN_ENUM_CONVERSION = YES;
				CLANG_WARN_INFINITE_RECURSION = YES;
				CLANG_WARN_INT_CONVERSION = YES;
				CLANG_WARN_NON_LITERAL_NULL_CONVERSION = YES;
				CLANG_WARN_OBJC_IMPLICIT_RETAIN_SELF = YES;
				CLANG_WARN_OBJC_LITERAL_CONVERSION = YES;
				CLANG_WARN_OBJC_ROOT_CLASS = YES_ERROR;
				CLANG_WARN_QUOTED_INCLUDE_IN_FRAMEWORK_HEADER = YES;
				CLANG_WARN_RANGE_LOOP_ANALYSIS = YES;
				CLANG_WARN_STRICT_PROTOTYPES = YES;
				CLANG_WARN_SUSPICIOUS_MOVE = YES;
				CLANG_WARN_UNGUARDED_AVAILABILITY = YES_AGGRESSIVE;
				CLANG_WARN_UNREACHABLE_CODE = YES;
				CLANG_WARN__DUPLICATE_METHOD_MATCH = YES;
				COPY_PHASE_STRIP = NO;
				DEBUG_INFORMATION_FORMAT = dwarf;
				ENABLE_STRICT_OBJC_MSGSEND = YES;
				ENABLE_TESTABILITY = YES;
				GCC_C_LANGUAGE_STANDARD = gnu11;
				GCC_DYNAMIC_NO_PIC = NO;
				GCC_NO_COMMON_BLOCKS = YES;
				GCC_OPTIMIZATION_LEVEL = 0;
				GCC_PREPROCESSOR_DEFINITIONS = (
					"DEBUG=1",
					"$(inherited)",
				);
				GCC_WARN_64_TO_32_BIT_CONVERSION = YES;
				GCC_WARN_ABOUT_RETURN_TYPE = YES_ERROR;
				GCC_WARN_UNDECLARED_SELECTOR = YES;
				GCC_WARN_UNINITIALIZED_AUTOS = YES_AGGRESSIVE;
				GCC_WARN_UNUSED_FUNCTION = YES;
				GCC_WARN_UNUSED_VARIABLE = YES;
				IPHONEOS_DEPLOYMENT_TARGET = 14.0;
				MTL_ENABLE_DEBUG_INFO = INCLUDE_SOURCE;
				MTL_FAST_MATH = YES;
				ONLY_ACTIVE_ARCH = YES;
				SDKROOT = iphoneos;
				SWIFT_ACTIVE_COMPILATION_CONDITIONS = DEBUG;
				SWIFT_OPTIMIZATION_LEVEL = "-Onone";
			};
			name = Debug;
		};
		F3AAE2A825E7D06800D666BD /* Release */ = {
			isa = XCBuildConfiguration;
			buildSettings = {
				ALWAYS_SEARCH_USER_PATHS = NO;
				CLANG_ANALYZER_LOCALIZABILITY_NONLOCALIZED = YES;
				CLANG_ANALYZER_NONNULL = YES;
				CLANG_ANALYZER_NUMBER_OBJECT_CONVERSION = YES_AGGRESSIVE;
				CLANG_CXX_LANGUAGE_STANDARD = "gnu++14";
				CLANG_CXX_LIBRARY = "libc++";
				CLANG_ENABLE_MODULES = YES;
				CLANG_ENABLE_OBJC_ARC = YES;
				CLANG_ENABLE_OBJC_WEAK = YES;
				CLANG_WARN_BLOCK_CAPTURE_AUTORELEASING = YES;
				CLANG_WARN_BOOL_CONVERSION = YES;
				CLANG_WARN_COMMA = YES;
				CLANG_WARN_CONSTANT_CONVERSION = YES;
				CLANG_WARN_DEPRECATED_OBJC_IMPLEMENTATIONS = YES;
				CLANG_WARN_DIRECT_OBJC_ISA_USAGE = YES_ERROR;
				CLANG_WARN_DOCUMENTATION_COMMENTS = YES;
				CLANG_WARN_EMPTY_BODY = YES;
				CLANG_WARN_ENUM_CONVERSION = YES;
				CLANG_WARN_INFINITE_RECURSION = YES;
				CLANG_WARN_INT_CONVERSION = YES;
				CLANG_WARN_NON_LITERAL_NULL_CONVERSION = YES;
				CLANG_WARN_OBJC_IMPLICIT_RETAIN_SELF = YES;
				CLANG_WARN_OBJC_LITERAL_CONVERSION = YES;
				CLANG_WARN_OBJC_ROOT_CLASS = YES_ERROR;
				CLANG_WARN_QUOTED_INCLUDE_IN_FRAMEWORK_HEADER = YES;
				CLANG_WARN_RANGE_LOOP_ANALYSIS = YES;
				CLANG_WARN_STRICT_PROTOTYPES = YES;
				CLANG_WARN_SUSPICIOUS_MOVE = YES;
				CLANG_WARN_UNGUARDED_AVAILABILITY = YES_AGGRESSIVE;
				CLANG_WARN_UNREACHABLE_CODE = YES;
				CLANG_WARN__DUPLICATE_METHOD_MATCH = YES;
				COPY_PHASE_STRIP = NO;
				DEBUG_INFORMATION_FORMAT = "dwarf-with-dsym";
				ENABLE_NS_ASSERTIONS = NO;
				ENABLE_STRICT_OBJC_MSGSEND = YES;
				GCC_C_LANGUAGE_STANDARD = gnu11;
				GCC_NO_COMMON_BLOCKS = YES;
				GCC_WARN_64_TO_32_BIT_CONVERSION = YES;
				GCC_WARN_ABOUT_RETURN_TYPE = YES_ERROR;
				GCC_WARN_UNDECLARED_SELECTOR = YES;
				GCC_WARN_UNINITIALIZED_AUTOS = YES_AGGRESSIVE;
				GCC_WARN_UNUSED_FUNCTION = YES;
				GCC_WARN_UNUSED_VARIABLE = YES;
				IPHONEOS_DEPLOYMENT_TARGET = 14.0;
				MTL_ENABLE_DEBUG_INFO = NO;
				MTL_FAST_MATH = YES;
				SDKROOT = iphoneos;
				SWIFT_COMPILATION_MODE = wholemodule;
				SWIFT_OPTIMIZATION_LEVEL = "-O";
				VALIDATE_PRODUCT = YES;
			};
			name = Release;
		};
		F3AAE2AA25E7D06800D666BD /* Debug */ = {
			isa = XCBuildConfiguration;
			baseConfigurationReference = 86D49FB34CCC715324E29809 /* Pods-DoroDoro.debug.xcconfig */;
			buildSettings = {
				ALWAYS_EMBED_SWIFT_STANDARD_LIBRARIES = YES;
				ASSETCATALOG_COMPILER_APPICON_NAME = AppIcon;
				ASSETCATALOG_COMPILER_GLOBAL_ACCENT_COLOR_NAME = AccentColor;
				CODE_SIGN_ENTITLEMENTS = DoroDoro/DoroDoro.entitlements;
				CODE_SIGN_STYLE = Automatic;
				DEVELOPMENT_TEAM = P53D29U9LJ;
				INFOPLIST_FILE = DoroDoro/Info.plist;
				IPHONEOS_DEPLOYMENT_TARGET = 14.0;
				LD_RUNPATH_SEARCH_PATHS = (
					"$(inherited)",
					"@executable_path/Frameworks",
				);
				PRODUCT_BUNDLE_IDENTIFIER = com.pookjw.DoroDoro;
				PRODUCT_NAME = "$(TARGET_NAME)";
				SUPPORTS_MACCATALYST = YES;
				SWIFT_VERSION = 5.0;
				TARGETED_DEVICE_FAMILY = "1,2";
			};
			name = Debug;
		};
		F3AAE2AB25E7D06800D666BD /* Release */ = {
			isa = XCBuildConfiguration;
			baseConfigurationReference = 6D85A13F60C3E781DFBC61E7 /* Pods-DoroDoro.release.xcconfig */;
			buildSettings = {
				ALWAYS_EMBED_SWIFT_STANDARD_LIBRARIES = YES;
				ASSETCATALOG_COMPILER_APPICON_NAME = AppIcon;
				ASSETCATALOG_COMPILER_GLOBAL_ACCENT_COLOR_NAME = AccentColor;
				CODE_SIGN_ENTITLEMENTS = DoroDoro/DoroDoro.entitlements;
				CODE_SIGN_STYLE = Automatic;
				DEVELOPMENT_TEAM = P53D29U9LJ;
				INFOPLIST_FILE = DoroDoro/Info.plist;
				IPHONEOS_DEPLOYMENT_TARGET = 14.0;
				LD_RUNPATH_SEARCH_PATHS = (
					"$(inherited)",
					"@executable_path/Frameworks",
				);
				PRODUCT_BUNDLE_IDENTIFIER = com.pookjw.DoroDoro;
				PRODUCT_NAME = "$(TARGET_NAME)";
				SUPPORTS_MACCATALYST = YES;
				SWIFT_VERSION = 5.0;
				TARGETED_DEVICE_FAMILY = "1,2";
			};
			name = Release;
		};
/* End XCBuildConfiguration section */

/* Begin XCConfigurationList section */
		F3444CAD25E8B82300A0706F /* Build configuration list for PBXNativeTarget "DoroDoroUITests" */ = {
			isa = XCConfigurationList;
			buildConfigurations = (
				F3444CAE25E8B82300A0706F /* Debug */,
				F3444CAF25E8B82300A0706F /* Release */,
			);
			defaultConfigurationIsVisible = 0;
			defaultConfigurationName = Release;
		};
		F378B6C225E7D71C00FCE546 /* Build configuration list for PBXNativeTarget "DoroDoroTests" */ = {
			isa = XCConfigurationList;
			buildConfigurations = (
				F378B6C325E7D71C00FCE546 /* Debug */,
				F378B6C425E7D71C00FCE546 /* Release */,
			);
			defaultConfigurationIsVisible = 0;
			defaultConfigurationName = Release;
		};
		F378B6E825E7D77300FCE546 /* Build configuration list for PBXNativeTarget "DoroDoroWatch Extension" */ = {
			isa = XCConfigurationList;
			buildConfigurations = (
				F378B6E925E7D77300FCE546 /* Debug */,
				F378B6EA25E7D77300FCE546 /* Release */,
			);
			defaultConfigurationIsVisible = 0;
			defaultConfigurationName = Release;
		};
		F378B6EC25E7D77300FCE546 /* Build configuration list for PBXNativeTarget "DoroDoroWatch" */ = {
			isa = XCConfigurationList;
			buildConfigurations = (
				F378B6ED25E7D77300FCE546 /* Debug */,
				F378B6EE25E7D77300FCE546 /* Release */,
			);
			defaultConfigurationIsVisible = 0;
			defaultConfigurationName = Release;
		};
		F378B75525E7EEDB00FCE546 /* Build configuration list for PBXNativeTarget "DoroDoroWidgetExtension" */ = {
			isa = XCConfigurationList;
			buildConfigurations = (
				F378B75625E7EEDB00FCE546 /* Debug */,
				F378B75725E7EEDB00FCE546 /* Release */,
			);
			defaultConfigurationIsVisible = 0;
			defaultConfigurationName = Release;
		};
		F3AAE29025E7D06700D666BD /* Build configuration list for PBXProject "DoroDoro" */ = {
			isa = XCConfigurationList;
			buildConfigurations = (
				F3AAE2A725E7D06800D666BD /* Debug */,
				F3AAE2A825E7D06800D666BD /* Release */,
			);
			defaultConfigurationIsVisible = 0;
			defaultConfigurationName = Release;
		};
		F3AAE2A925E7D06800D666BD /* Build configuration list for PBXNativeTarget "DoroDoro" */ = {
			isa = XCConfigurationList;
			buildConfigurations = (
				F3AAE2AA25E7D06800D666BD /* Debug */,
				F3AAE2AB25E7D06800D666BD /* Release */,
			);
			defaultConfigurationIsVisible = 0;
			defaultConfigurationName = Release;
		};
/* End XCConfigurationList section */
	};
	rootObject = F3AAE28D25E7D06700D666BD /* Project object */;
}
